{
  "name": "solid-deep-signals",
  "version": "0.0.0",
  "lockfileVersion": 2,
  "requires": true,
  "packages": {
    "": {
      "name": "solid-deep-signals",
      "version": "0.0.0",
      "license": "ISC",
      "dependencies": {
        "solid-js": "^1.6.11"
      },
      "devDependencies": {
        "typescript": "^4.9.5"
      }
    },
    "node_modules/csstype": {
      "version": "3.1.1",
      "resolved": "https://registry.npmjs.org/csstype/-/csstype-3.1.1.tgz",
      "integrity": "sha512-DJR/VvkAvSZW9bTouZue2sSxDwdTN92uHjqeKVm+0dAqdfNykRzQ95tay8aXMBAAPpUiq4Qcug2L7neoRh2Egw=="
    },
    "node_modules/solid-js": {
      "version": "1.6.11",
      "resolved": "https://registry.npmjs.org/solid-js/-/solid-js-1.6.11.tgz",
      "integrity": "sha512-JquQQHPArGq+i2PLURxJ99Pcz2/1docpbycSio/cKSA0SeI3z5zRjy0TNcH4NRYvbOLrcini+iovXwnexKabyw==",
      "dependencies": {
        "csstype": "^3.1.0"
      }
    },
    "node_modules/typescript": {
      "version": "4.9.5",
      "resolved": "https://registry.npmjs.org/typescript/-/typescript-4.9.5.tgz",
      "integrity": "sha512-1FXk9E2Hm+QzZQ7z+McJiHL4NW1F2EzMu9Nq9i3zAaGqibafqYwCVU6WyWAuyQRRzOlxou8xZSyXLEN8oKj24g==",
      "dev": true,
      "bin": {
        "tsc": "bin/tsc",
        "tsserver": "bin/tsserver"
      },
      "engines": {
        "node": ">=4.2.0"
      }
    }
  },
  "dependencies": {
    "csstype": {
      "version": "3.1.1",
      "resolved": "https://registry.npmjs.org/csstype/-/csstype-3.1.1.tgz",
      "integrity": "sha512-DJR/VvkAvSZW9bTouZue2sSxDwdTN92uHjqeKVm+0dAqdfNykRzQ95tay8aXMBAAPpUiq4Qcug2L7neoRh2Egw=="
    },
    "solid-js": {
      "version": "1.6.11",
      "resolved": "https://registry.npmjs.org/solid-js/-/solid-js-1.6.11.tgz",
      "integrity": "sha512-JquQQHPArGq+i2PLURxJ99Pcz2/1docpbycSio/cKSA0SeI3z5zRjy0TNcH4NRYvbOLrcini+iovXwnexKabyw==",
      "requires": {
        "csstype": "^3.1.0"
      }
    },
    "typescript": {
      "version": "4.9.5",
      "resolved": "https://registry.npmjs.org/typescript/-/typescript-4.9.5.tgz",
      "integrity": "sha512-1FXk9E2Hm+QzZQ7z+McJiHL4NW1F2EzMu9Nq9i3zAaGqibafqYwCVU6WyWAuyQRRzOlxou8xZSyXLEN8oKj24g==",
      "dev": true
    }
  }
}
